
Microsoft Visual Studio Solution File, Format Version 12.00
# Visual Studio Version 16
VisualStudioVersion = 16.0.30011.22
MinimumVisualStudioVersion = 10.0.40219.1
Project("{2150E333-8FDC-42A3-9474-1A3956D46DE8}") = "Domain", "Domain", "{55B91508-1656-4D1D-B15C-63BF266D54EB}"
EndProject
Project("{2150E333-8FDC-42A3-9474-1A3956D46DE8}") = "Microservices", "Microservices", "{A30F80F4-7D97-4E67-BADB-B12F8EDA389A}"
EndProject
Project("{2150E333-8FDC-42A3-9474-1A3956D46DE8}") = "Infrastructure", "Infrastructure", "{4CDC7255-3F33-46A5-89D0-5AD4521034FA}"
EndProject
Project("{2150E333-8FDC-42A3-9474-1A3956D46DE8}") = "Presentation", "Presentation", "{F1D722B6-BFFA-4C87-ADAD-D46828BDD70F}"
EndProject
Project("{9A19103F-16F7-4668-BE54-9A1E7A4F7556}") = "BankingMicroservice.Domain", "BankingMicroservice.Domain\BankingMicroservice.Domain.csproj", "{BC9039A2-3117-4C5D-8F88-499B548C0472}"
EndProject
Project("{FAE04EC0-301F-11D3-BF4B-00C04F79EFBC}") = "BankingMicroservice.Infrastructure.Bus", "BankingMicroservice.Infrastructure.Bus\BankingMicroservice.Infrastructure.Bus.csproj", "{840E0668-9054-45F6-8D77-D060CAB9C274}"
EndProject
Project("{2150E333-8FDC-42A3-9474-1A3956D46DE8}") = "IoC", "IoC", "{9F2AC21B-43B0-40B1-8A5B-BC18ADAB3C35}"
EndProject
Project("{FAE04EC0-301F-11D3-BF4B-00C04F79EFBC}") = "BankingMicroservices.IoC", "BankingMicroservices.IoC\BankingMicroservices.IoC.csproj", "{9E46BFB8-A996-4705-AD2F-10C0EFDD3781}"
EndProject
Project("{2150E333-8FDC-42A3-9474-1A3956D46DE8}") = "Banking", "Banking", "{89DAFF0C-142D-4867-89E1-84D8A3155B84}"
EndProject
Project("{2150E333-8FDC-42A3-9474-1A3956D46DE8}") = "Api", "Api", "{62A6D854-F080-4206-8D5B-A1A60121B22C}"
EndProject
Project("{2150E333-8FDC-42A3-9474-1A3956D46DE8}") = "Application", "Application", "{89243A66-34BF-40CE-907F-407CAC2FE749}"
EndProject
Project("{2150E333-8FDC-42A3-9474-1A3956D46DE8}") = "Data", "Data", "{1ED51D71-2E57-4C38-9EFB-0779D8496251}"
EndProject
Project("{2150E333-8FDC-42A3-9474-1A3956D46DE8}") = "Domain", "Domain", "{0D8B8F01-1987-481C-B332-8769AB1CF39C}"
EndProject
Project("{FAE04EC0-301F-11D3-BF4B-00C04F79EFBC}") = "BankingMicroservice.Banking.Api", "BankingMicroservice.Banking.Api\BankingMicroservice.Banking.Api.csproj", "{09552808-A7CE-4E5E-B0FA-4B51B18643FF}"
EndProject
Project("{FAE04EC0-301F-11D3-BF4B-00C04F79EFBC}") = "BankingMicroservice.Banking.Application", "BankingMicroservice.Banking.Application\BankingMicroservice.Banking.Application.csproj", "{7B9DA0BC-3461-41BC-8881-EE1D6442061B}"
EndProject
Project("{FAE04EC0-301F-11D3-BF4B-00C04F79EFBC}") = "BankingMicroservice.Banking.Data", "BankingMicroservice.Banking,Data\BankingMicroservice.Banking.Data.csproj", "{0F9E4763-40D3-4ED9-8F05-304F7A2F5438}"
EndProject
Project("{FAE04EC0-301F-11D3-BF4B-00C04F79EFBC}") = "BankingMicroservice.Banking.Domain", "BankingMicroservice.Banking.Domain\BankingMicroservice.Banking.Domain.csproj", "{51C06657-54CD-41D3-870B-CFBCCF345F42}"
EndProject
Global
	GlobalSection(SolutionConfigurationPlatforms) = preSolution
		Debug|Any CPU = Debug|Any CPU
		Release|Any CPU = Release|Any CPU
	EndGlobalSection
	GlobalSection(ProjectConfigurationPlatforms) = postSolution
		{BC9039A2-3117-4C5D-8F88-499B548C0472}.Debug|Any CPU.ActiveCfg = Debug|Any CPU
		{BC9039A2-3117-4C5D-8F88-499B548C0472}.Debug|Any CPU.Build.0 = Debug|Any CPU
		{BC9039A2-3117-4C5D-8F88-499B548C0472}.Release|Any CPU.ActiveCfg = Release|Any CPU
		{BC9039A2-3117-4C5D-8F88-499B548C0472}.Release|Any CPU.Build.0 = Release|Any CPU
		{840E0668-9054-45F6-8D77-D060CAB9C274}.Debug|Any CPU.ActiveCfg = Debug|Any CPU
		{840E0668-9054-45F6-8D77-D060CAB9C274}.Debug|Any CPU.Build.0 = Debug|Any CPU
		{840E0668-9054-45F6-8D77-D060CAB9C274}.Release|Any CPU.ActiveCfg = Release|Any CPU
		{840E0668-9054-45F6-8D77-D060CAB9C274}.Release|Any CPU.Build.0 = Release|Any CPU
		{9E46BFB8-A996-4705-AD2F-10C0EFDD3781}.Debug|Any CPU.ActiveCfg = Debug|Any CPU
		{9E46BFB8-A996-4705-AD2F-10C0EFDD3781}.Debug|Any CPU.Build.0 = Debug|Any CPU
		{9E46BFB8-A996-4705-AD2F-10C0EFDD3781}.Release|Any CPU.ActiveCfg = Release|Any CPU
		{9E46BFB8-A996-4705-AD2F-10C0EFDD3781}.Release|Any CPU.Build.0 = Release|Any CPU
		{09552808-A7CE-4E5E-B0FA-4B51B18643FF}.Debug|Any CPU.ActiveCfg = Debug|Any CPU
		{09552808-A7CE-4E5E-B0FA-4B51B18643FF}.Debug|Any CPU.Build.0 = Debug|Any CPU
		{09552808-A7CE-4E5E-B0FA-4B51B18643FF}.Release|Any CPU.ActiveCfg = Release|Any CPU
		{09552808-A7CE-4E5E-B0FA-4B51B18643FF}.Release|Any CPU.Build.0 = Release|Any CPU
		{7B9DA0BC-3461-41BC-8881-EE1D6442061B}.Debug|Any CPU.ActiveCfg = Debug|Any CPU
		{7B9DA0BC-3461-41BC-8881-EE1D6442061B}.Debug|Any CPU.Build.0 = Debug|Any CPU
		{7B9DA0BC-3461-41BC-8881-EE1D6442061B}.Release|Any CPU.ActiveCfg = Release|Any CPU
		{7B9DA0BC-3461-41BC-8881-EE1D6442061B}.Release|Any CPU.Build.0 = Release|Any CPU
		{0F9E4763-40D3-4ED9-8F05-304F7A2F5438}.Debug|Any CPU.ActiveCfg = Debug|Any CPU
		{0F9E4763-40D3-4ED9-8F05-304F7A2F5438}.Debug|Any CPU.Build.0 = Debug|Any CPU
		{0F9E4763-40D3-4ED9-8F05-304F7A2F5438}.Release|Any CPU.ActiveCfg = Release|Any CPU
		{0F9E4763-40D3-4ED9-8F05-304F7A2F5438}.Release|Any CPU.Build.0 = Release|Any CPU
		{51C06657-54CD-41D3-870B-CFBCCF345F42}.Debug|Any CPU.ActiveCfg = Debug|Any CPU
		{51C06657-54CD-41D3-870B-CFBCCF345F42}.Debug|Any CPU.Build.0 = Debug|Any CPU
		{51C06657-54CD-41D3-870B-CFBCCF345F42}.Release|Any CPU.ActiveCfg = Release|Any CPU
		{51C06657-54CD-41D3-870B-CFBCCF345F42}.Release|Any CPU.Build.0 = Release|Any CPU
	EndGlobalSection
	GlobalSection(SolutionProperties) = preSolution
		HideSolutionNode = FALSE
	EndGlobalSection
	GlobalSection(NestedProjects) = preSolution
		{BC9039A2-3117-4C5D-8F88-499B548C0472} = {55B91508-1656-4D1D-B15C-63BF266D54EB}
		{840E0668-9054-45F6-8D77-D060CAB9C274} = {4CDC7255-3F33-46A5-89D0-5AD4521034FA}
		{9E46BFB8-A996-4705-AD2F-10C0EFDD3781} = {9F2AC21B-43B0-40B1-8A5B-BC18ADAB3C35}
		{89DAFF0C-142D-4867-89E1-84D8A3155B84} = {A30F80F4-7D97-4E67-BADB-B12F8EDA389A}
		{62A6D854-F080-4206-8D5B-A1A60121B22C} = {89DAFF0C-142D-4867-89E1-84D8A3155B84}
		{89243A66-34BF-40CE-907F-407CAC2FE749} = {89DAFF0C-142D-4867-89E1-84D8A3155B84}
		{1ED51D71-2E57-4C38-9EFB-0779D8496251} = {89DAFF0C-142D-4867-89E1-84D8A3155B84}
		{0D8B8F01-1987-481C-B332-8769AB1CF39C} = {89DAFF0C-142D-4867-89E1-84D8A3155B84}
		{09552808-A7CE-4E5E-B0FA-4B51B18643FF} = {62A6D854-F080-4206-8D5B-A1A60121B22C}
		{7B9DA0BC-3461-41BC-8881-EE1D6442061B} = {89243A66-34BF-40CE-907F-407CAC2FE749}
		{0F9E4763-40D3-4ED9-8F05-304F7A2F5438} = {1ED51D71-2E57-4C38-9EFB-0779D8496251}
		{51C06657-54CD-41D3-870B-CFBCCF345F42} = {0D8B8F01-1987-481C-B332-8769AB1CF39C}
	EndGlobalSection
	GlobalSection(ExtensibilityGlobals) = postSolution
		SolutionGuid = {BBF584DA-116C-400C-A5E9-B62C6D5E050B}
	EndGlobalSection
EndGlobal
